
Microsoft Visual Studio Solution File, Format Version 12.00
# Visual Studio Version 17
VisualStudioVersion = 17.1.32228.430
MinimumVisualStudioVersion = 10.0.40219.1
Project("{8BC9CEB8-8B4A-11D0-8D11-00A0C91BC942}") = "Chess", "Chess.vcxproj", "{EA76252F-C24C-4FED-91F0-AC168925F361}"
EndProject
Global
	GlobalSection(SolutionConfigurationPlatforms) = preSolution
		Debug|x64 = Debug|x64
		Debug|x86 = Debug|x86
		Release|x64 = Release|x64
		Release|x86 = Release|x86
	EndGlobalSection
	GlobalSection(ProjectConfigurationPlatforms) = postSolution
		{EA76252F-C24C-4FED-91F0-AC168925F361}.Debug|x64.ActiveCfg = Debug|x64
		{EA76252F-C24C-4FED-91F0-AC168925F361}.Debug|x64.Build.0 = Debug|x64
		{EA76252F-C24C-4FED-91F0-AC168925F361}.Debug|x86.ActiveCfg = Debug|Win32
		{EA76252F-C24C-4FED-91F0-AC168925F361}.Debug|x86.Build.0 = Debug|Win32
		{EA76252F-C24C-4FED-91F0-AC168925F361}.Release|x64.ActiveCfg = Release|x64
		{EA76252F-C24C-4FED-91F0-AC168925F361}.Release|x64.Build.0 = Release|x64
		{EA76252F-C24C-4FED-91F0-AC168925F361}.Release|x86.ActiveCfg = Release|Win32
		{EA76252F-C24C-4FED-91F0-AC168925F361}.Release|x86.Build.0 = Release|Win32
	EndGlobalSection
	GlobalSection(SolutionProperties) = preSolution
		HideSolutionNode = FALSE
	EndGlobalSection
	GlobalSection(ExtensibilityGlobals) = postSolution
		SolutionGuid = {17429FFE-9F9B-46B1-90C2-CF0F1EA98522}
	EndGlobalSection
EndGlobal
